// !$*UTF8*$!
{
	archiveVersion = 1;
	classes = {
	};
	objectVersion = 56;
	objects = {

/* Begin PBXBuildFile section */
        110000000000000000000011 /* LearningPathViews.swift in Sources */ = {isa = PBXBuildFile; fileRef = 120000000000000000000011 /* LearningPathViews.swift */; };
		11000000000000000000000C /* LearningPersistence.swift in Sources */ = {isa = PBXBuildFile; fileRef = 12000000000000000000000C /* LearningPersistence.swift */; };
		11000000000000000000000D /* AccountService.swift in Sources */ = {isa = PBXBuildFile; fileRef = 12000000000000000000000D /* AccountService.swift */; };
		11000000000000000000000E /* AccountView.swift in Sources */ = {isa = PBXBuildFile; fileRef = 12000000000000000000000E /* AccountView.swift */; };
		11000000000000000000000F /* ExperienceViews.swift in Sources */ = {isa = PBXBuildFile; fileRef = 12000000000000000000000F /* ExperienceViews.swift */; };
		110000000000000000000010 /* LocalBackup.swift in Sources */ = {isa = PBXBuildFile; fileRef = 120000000000000000000010 /* LocalBackup.swift */; };
		110000000000000000000001 /* LucidApp.swift in Sources */ = {isa = PBXBuildFile; fileRef = 120000000000000000000001 /* LucidApp.swift */; };
		110000000000000000000002 /* Models.swift in Sources */ = {isa = PBXBuildFile; fileRef = 120000000000000000000002 /* Models.swift */; };
		110000000000000000000003 /* LearningStore.swift in Sources */ = {isa = PBXBuildFile; fileRef = 120000000000000000000003 /* LearningStore.swift */; };
		110000000000000000000004 /* Services.swift in Sources */ = {isa = PBXBuildFile; fileRef = 120000000000000000000004 /* Services.swift */; };
		110000000000000000000005 /* RootView.swift in Sources */ = {isa = PBXBuildFile; fileRef = 120000000000000000000005 /* RootView.swift */; };
		110000000000000000000006 /* SecondaryViews.swift in Sources */ = {isa = PBXBuildFile; fileRef = 120000000000000000000006 /* SecondaryViews.swift */; };
		110000000000000000000007 /* SettingsView.swift in Sources */ = {isa = PBXBuildFile; fileRef = 120000000000000000000007 /* SettingsView.swift */; };
		110000000000000000000008 /* Assets.xcassets in Resources */ = {isa = PBXBuildFile; fileRef = 120000000000000000000008 /* Assets.xcassets */; };
		110000000000000000000009 /* professional-content.json in Resources */ = {isa = PBXBuildFile; fileRef = 120000000000000000000009 /* professional-content.json */; };
		11000000000000000000000A /* PrivacyInfo.xcprivacy in Resources */ = {isa = PBXBuildFile; fileRef = 12000000000000000000000A /* PrivacyInfo.xcprivacy */; };
/* End PBXBuildFile section */

/* Begin PBXFileReference section */
        120000000000000000000011 /* LearningPathViews.swift */ = {isa = PBXFileReference; lastKnownFileType = sourcecode.swift; path = LearningPathViews.swift; sourceTree = "<group>"; };
		12000000000000000000000C /* LearningPersistence.swift */ = {isa = PBXFileReference; lastKnownFileType = sourcecode.swift; path = LearningPersistence.swift; sourceTree = "<group>"; };
		12000000000000000000000D /* AccountService.swift */ = {isa = PBXFileReference; lastKnownFileType = sourcecode.swift; path = AccountService.swift; sourceTree = "<group>"; };
		12000000000000000000000E /* AccountView.swift */ = {isa = PBXFileReference; lastKnownFileType = sourcecode.swift; path = AccountView.swift; sourceTree = "<group>"; };
		12000000000000000000000F /* ExperienceViews.swift */ = {isa = PBXFileReference; lastKnownFileType = sourcecode.swift; path = ExperienceViews.swift; sourceTree = "<group>"; };
		120000000000000000000010 /* LocalBackup.swift */ = {isa = PBXFileReference; lastKnownFileType = sourcecode.swift; path = LocalBackup.swift; sourceTree = "<group>"; };
		120000000000000000000020 /* Config.xcconfig */ = {isa = PBXFileReference; lastKnownFileType = text.xcconfig; path = ../Config.xcconfig; sourceTree = "<group>"; };
		120000000000000000000001 /* LucidApp.swift */ = {isa = PBXFileReference; lastKnownFileType = sourcecode.swift; path = LucidApp.swift; sourceTree = "<group>"; };
		120000000000000000000002 /* Models.swift */ = {isa = PBXFileReference; lastKnownFileType = sourcecode.swift; path = Models.swift; sourceTree = "<group>"; };
		120000000000000000000003 /* LearningStore.swift */ = {isa = PBXFileReference; lastKnownFileType = sourcecode.swift; path = LearningStore.swift; sourceTree = "<group>"; };
		120000000000000000000004 /* Services.swift */ = {isa = PBXFileReference; lastKnownFileType = sourcecode.swift; path = Services.swift; sourceTree = "<group>"; };
		120000000000000000000005 /* RootView.swift */ = {isa = PBXFileReference; lastKnownFileType = sourcecode.swift; path = RootView.swift; sourceTree = "<group>"; };
		120000000000000000000006 /* SecondaryViews.swift */ = {isa = PBXFileReference; lastKnownFileType = sourcecode.swift; path = SecondaryViews.swift; sourceTree = "<group>"; };
		120000000000000000000007 /* SettingsView.swift */ = {isa = PBXFileReference; lastKnownFileType = sourcecode.swift; path = SettingsView.swift; sourceTree = "<group>"; };
		120000000000000000000008 /* Assets.xcassets */ = {isa = PBXFileReference; lastKnownFileType = folder.assetcatalog; path = Assets.xcassets; sourceTree = "<group>"; };
		120000000000000000000009 /* professional-content.json */ = {isa = PBXFileReference; lastKnownFileType = text.json; path = "professional-content.json"; sourceTree = "<group>"; };
		12000000000000000000000A /* PrivacyInfo.xcprivacy */ = {isa = PBXFileReference; lastKnownFileType = text.xml; path = PrivacyInfo.xcprivacy; sourceTree = "<group>"; };
		12000000000000000000000B /* Lucid.app */ = {isa = PBXFileReference; explicitFileType = wrapper.application; includeInIndex = 0; path = Lucid.app; sourceTree = BUILT_PRODUCTS_DIR; };
/* End PBXFileReference section */

/* Begin PBXFrameworksBuildPhase section */
		130000000000000000000001 /* Frameworks */ = {
			isa = PBXFrameworksBuildPhase;
			buildActionMask = 2147483647;
			files = (
			);
			runOnlyForDeploymentPostprocessing = 0;
		};
/* End PBXFrameworksBuildPhase section */

/* Begin PBXGroup section */
		140000000000000000000001 = {
			isa = PBXGroup;
			children = (
				140000000000000000000002 /* Lucid */,
				140000000000000000000004 /* Products */,
			);
			sourceTree = "<group>";
		};
		140000000000000000000002 /* Lucid */ = {
			isa = PBXGroup;
			children = (
				120000000000000000000001 /* LucidApp.swift */,
				120000000000000000000002 /* Models.swift */,
				120000000000000000000003 /* LearningStore.swift */,
				120000000000000000000004 /* Services.swift */,
				120000000000000000000005 /* RootView.swift */,
				120000000000000000000006 /* SecondaryViews.swift */,
				120000000000000000000007 /* SettingsView.swift */,
				12000000000000000000000C /* LearningPersistence.swift */,
				12000000000000000000000D /* AccountService.swift */,
				12000000000000000000000E /* AccountView.swift */,
				12000000000000000000000F /* ExperienceViews.swift */,
				120000000000000000000010 /* LocalBackup.swift */,
                120000000000000000000011 /* LearningPathViews.swift */,
				120000000000000000000020 /* Config.xcconfig */,
				120000000000000000000008 /* Assets.xcassets */,
				12000000000000000000000A /* PrivacyInfo.xcprivacy */,
				140000000000000000000003 /* Resources */,
			);
			path = Lucid;
			sourceTree = "<group>";
		};
		140000000000000000000003 /* Resources */ = {
			isa = PBXGroup;
			children = (
				120000000000000000000009 /* professional-content.json */,
			);
			path = Resources;
			sourceTree = "<group>";
		};
		140000000000000000000004 /* Products */ = {
			isa = PBXGroup;
			children = (
				12000000000000000000000B /* Lucid.app */,
			);
			name = Products;
			sourceTree = "<group>";
		};
/* End PBXGroup section */

/* Begin PBXNativeTarget section */
		150000000000000000000001 /* Lucid */ = {
			isa = PBXNativeTarget;
			buildConfigurationList = 1A0000000000000000000002 /* Build configuration list for PBXNativeTarget "Lucid" */;
			buildPhases = (
				180000000000000000000001 /* Sources */,
				130000000000000000000001 /* Frameworks */,
				170000000000000000000001 /* Resources */,
			);
			buildRules = (
			);
			dependencies = (
			);
			name = Lucid;
			productName = Lucid;
			productReference = 12000000000000000000000B /* Lucid.app */;
			productType = "com.apple.product-type.application";
		};
/* End PBXNativeTarget section */

/* Begin PBXProject section */
		160000000000000000000001 /* Project object */ = {
			isa = PBXProject;
			attributes = {
				BuildIndependentTargetsInParallel = 1;
				LastSwiftUpdateCheck = 2660;
				LastUpgradeCheck = 2660;
				TargetAttributes = {
					150000000000000000000001 = {
						CreatedOnToolsVersion = 26.6;
					};
				};
			};
			buildConfigurationList = 1A0000000000000000000001 /* Build configuration list for PBXProject "Lucid" */;
			compatibilityVersion = "Xcode 14.0";
			developmentRegion = en;
			hasScannedForEncodings = 0;
			knownRegions = (
				en,
				Base,
			);
			mainGroup = 140000000000000000000001;
			productRefGroup = 140000000000000000000004 /* Products */;
			projectDirPath = "";
			projectRoot = "";
			targets = (
				150000000000000000000001 /* Lucid */,
			);
		};
/* End PBXProject section */

/* Begin PBXResourcesBuildPhase section */
		170000000000000000000001 /* Resources */ = {
			isa = PBXResourcesBuildPhase;
			buildActionMask = 2147483647;
			files = (
				110000000000000000000008 /* Assets.xcassets in Resources */,
				110000000000000000000009 /* professional-content.json in Resources */,
				11000000000000000000000A /* PrivacyInfo.xcprivacy in Resources */,
			);
			runOnlyForDeploymentPostprocessing = 0;
		};
/* End PBXResourcesBuildPhase section */

/* Begin PBXSourcesBuildPhase section */
		180000000000000000000001 /* Sources */ = {
			isa = PBXSourcesBuildPhase;
			buildActionMask = 2147483647;
			files = (
				110000000000000000000001 /* LucidApp.swift in Sources */,
				110000000000000000000002 /* Models.swift in Sources */,
				110000000000000000000003 /* LearningStore.swift in Sources */,
				110000000000000000000004 /* Services.swift in Sources */,
				110000000000000000000005 /* RootView.swift in Sources */,
				110000000000000000000006 /* SecondaryViews.swift in Sources */,
				110000000000000000000007 /* SettingsView.swift in Sources */,
				11000000000000000000000C /* LearningPersistence.swift in Sources */,
				11000000000000000000000D /* AccountService.swift in Sources */,
				11000000000000000000000E /* AccountView.swift in Sources */,
				11000000000000000000000F /* ExperienceViews.swift in Sources */,
				110000000000000000000010 /* LocalBackup.swift in Sources */,
                110000000000000000000011 /* LearningPathViews.swift in Sources */,
			);
			runOnlyForDeploymentPostprocessing = 0;
		};
/* End PBXSourcesBuildPhase section */

/* Begin XCBuildConfiguration section */
		190000000000000000000001 /* Debug */ = {
			isa = XCBuildConfiguration;
			buildSettings = {
				ALWAYS_SEARCH_USER_PATHS = NO;
				CLANG_ANALYZER_NONNULL = YES;
				CLANG_ANALYZER_NUMBER_OBJECT_CONVERSION = YES_AGGRESSIVE;
				CLANG_CXX_LANGUAGE_STANDARD = "gnu++20";
				CLANG_ENABLE_MODULES = YES;
				CLANG_ENABLE_OBJC_ARC = YES;
				CLANG_WARN_BLOCK_CAPTURE_AUTORELEASING = YES;
				CLANG_WARN_BOOL_CONVERSION = YES;
				CLANG_WARN_COMMA = YES;
				CLANG_WARN_CONSTANT_CONVERSION = YES;
				CLANG_WARN_DEPRECATED_OBJC_IMPLEMENTATIONS = YES;
				CLANG_WARN_DIRECT_OBJC_ISA_USAGE = YES_ERROR;
				CLANG_WARN_DOCUMENTATION_COMMENTS = YES;
				CLANG_WARN_EMPTY_BODY = YES;
				CLANG_WARN_ENUM_CONVERSION = YES;
				CLANG_WARN_INFINITE_RECURSION = YES;
				CLANG_WARN_INT_CONVERSION = YES;
				CLANG_WARN_NON_LITERAL_NULL_CONVERSION = YES;
				CLANG_WARN_OBJC_IMPLICIT_RETAIN_SELF = YES;
				CLANG_WARN_OBJC_LITERAL_CONVERSION = YES;
				CLANG_WARN_OBJC_ROOT_CLASS = YES_ERROR;
				CLANG_WARN_QUOTED_INCLUDE_IN_FRAMEWORK_HEADER = YES;
				CLANG_WARN_RANGE_LOOP_ANALYSIS = YES;
				CLANG_WARN_STRICT_PROTOTYPES = YES;
				CLANG_WARN_SUSPICIOUS_MOVE = YES;
				CLANG_WARN_UNGUARDED_AVAILABILITY = YES_AGGRESSIVE;
				CLANG_WARN_UNREACHABLE_CODE = YES;
				CLANG_WARN__DUPLICATE_METHOD_MATCH = YES;
				COPY_PHASE_STRIP = NO;
				DEBUG_INFORMATION_FORMAT = dwarf;
				ENABLE_TESTABILITY = YES;
				ENABLE_USER_SCRIPT_SANDBOXING = YES;
				GCC_C_LANGUAGE_STANDARD = gnu17;
				GCC_DYNAMIC_NO_PIC = NO;
				GCC_NO_COMMON_BLOCKS = YES;
				GCC_OPTIMIZATION_LEVEL = 0;
				GCC_PREPROCESSOR_DEFINITIONS = (
					"DEBUG=1",
					"$(inherited)",
				);
				GCC_WARN_64_TO_32_BIT_CONVERSION = YES;
				GCC_WARN_ABOUT_RETURN_TYPE = YES_ERROR;
				GCC_WARN_UNDECLARED_SELECTOR = YES;
				GCC_WARN_UNINITIALIZED_AUTOS = YES_AGGRESSIVE;
				GCC_WARN_UNUSED_FUNCTION = YES;
				GCC_WARN_UNUSED_VARIABLE = YES;
				IPHONEOS_DEPLOYMENT_TARGET = 17.0;
				LOCALIZATION_PREFERS_STRING_CATALOGS = YES;
				MTL_ENABLE_DEBUG_INFO = INCLUDE_SOURCE;
				MTL_FAST_MATH = YES;
				ONLY_ACTIVE_ARCH = YES;
				SDKROOT = iphoneos;
				SWIFT_ACTIVE_COMPILATION_CONDITIONS = "DEBUG $(inherited)";
				SWIFT_OPTIMIZATION_LEVEL = "-Onone";
			};
			name = Debug;
		};
		190000000000000000000002 /* Release */ = {
			isa = XCBuildConfiguration;
			buildSettings = {
				ALWAYS_SEARCH_USER_PATHS = NO;
				CLANG_ANALYZER_NONNULL = YES;
				CLANG_ANALYZER_NUMBER_OBJECT_CONVERSION = YES_AGGRESSIVE;
				CLANG_CXX_LANGUAGE_STANDARD = "gnu++20";
				CLANG_ENABLE_MODULES = YES;
				CLANG_ENABLE_OBJC_ARC = YES;
				CLANG_WARN_BLOCK_CAPTURE_AUTORELEASING = YES;
				CLANG_WARN_BOOL_CONVERSION = YES;
				CLANG_WARN_COMMA = YES;
				CLANG_WARN_CONSTANT_CONVERSION = YES;
				CLANG_WARN_DEPRECATED_OBJC_IMPLEMENTATIONS = YES;
				CLANG_WARN_DIRECT_OBJC_ISA_USAGE = YES_ERROR;
				CLANG_WARN_DOCUMENTATION_COMMENTS = YES;
				CLANG_WARN_EMPTY_BODY = YES;
				CLANG_WARN_ENUM_CONVERSION = YES;
				CLANG_WARN_INFINITE_RECURSION = YES;
				CLANG_WARN_INT_CONVERSION = YES;
				CLANG_WARN_NON_LITERAL_NULL_CONVERSION = YES;
				CLANG_WARN_OBJC_IMPLICIT_RETAIN_SELF = YES;
				CLANG_WARN_OBJC_LITERAL_CONVERSION = YES;
				CLANG_WARN_OBJC_ROOT_CLASS = YES_ERROR;
				CLANG_WARN_QUOTED_INCLUDE_IN_FRAMEWORK_HEADER = YES;
				CLANG_WARN_RANGE_LOOP_ANALYSIS = YES;
				CLANG_WARN_STRICT_PROTOTYPES = YES;
				CLANG_WARN_SUSPICIOUS_MOVE = YES;
				CLANG_WARN_UNGUARDED_AVAILABILITY = YES_AGGRESSIVE;
				CLANG_WARN_UNREACHABLE_CODE = YES;
				CLANG_WARN__DUPLICATE_METHOD_MATCH = YES;
				COPY_PHASE_STRIP = NO;
				DEBUG_INFORMATION_FORMAT = "dwarf-with-dsym";
				ENABLE_NS_ASSERTIONS = NO;
				ENABLE_USER_SCRIPT_SANDBOXING = YES;
				GCC_C_LANGUAGE_STANDARD = gnu17;
				GCC_NO_COMMON_BLOCKS = YES;
				GCC_WARN_64_TO_32_BIT_CONVERSION = YES;
				GCC_WARN_ABOUT_RETURN_TYPE = YES_ERROR;
				GCC_WARN_UNDECLARED_SELECTOR = YES;
				GCC_WARN_UNINITIALIZED_AUTOS = YES_AGGRESSIVE;
				GCC_WARN_UNUSED_FUNCTION = YES;
				GCC_WARN_UNUSED_VARIABLE = YES;
				IPHONEOS_DEPLOYMENT_TARGET = 17.0;
				LOCALIZATION_PREFERS_STRING_CATALOGS = YES;
				MTL_ENABLE_DEBUG_INFO = NO;
				MTL_FAST_MATH = YES;
				SDKROOT = iphoneos;
				SWIFT_COMPILATION_MODE = wholemodule;
				VALIDATE_PRODUCT = YES;
			};
			name = Release;
		};
		190000000000000000000003 /* Debug */ = {
			isa = XCBuildConfiguration;
			baseConfigurationReference = 120000000000000000000020 /* Config.xcconfig */;
			buildSettings = {
				ASSETCATALOG_COMPILER_APPICON_NAME = AppIcon;
				ASSETCATALOG_COMPILER_GLOBAL_ACCENT_COLOR_NAME = AccentColor;
				CODE_SIGN_STYLE = Automatic;
				CURRENT_PROJECT_VERSION = 1;
				DEVELOPMENT_ASSET_PATHS = "";
				DEVELOPMENT_TEAM = GQAVQ4V6RR;
				ENABLE_PREVIEWS = YES;
				GENERATE_INFOPLIST_FILE = YES;
				INFOPLIST_FILE = Lucid/Info.plist;
				INFOPLIST_KEY_CFBundleDisplayName = Lucid;
				INFOPLIST_KEY_LucidSupabaseURL = "$(LUCID_SUPABASE_URL)";
				INFOPLIST_KEY_LucidCloudAuthEnabled = "$(LUCID_CLOUD_AUTH_ENABLED)";
				INFOPLIST_KEY_LucidEmailDeliveryReady = "$(LUCID_EMAIL_DELIVERY_READY)";
				INFOPLIST_KEY_LucidSupabasePublishableKey = "$(LUCID_SUPABASE_PUBLISHABLE_KEY)";
				INFOPLIST_KEY_ITSAppUsesNonExemptEncryption = NO;
				INFOPLIST_KEY_LSApplicationCategoryType = "public.app-category.education";
				INFOPLIST_KEY_NSMicrophoneUsageDescription = "Lucid uses the microphone only when you choose spoken practice, so it can transcribe your professional sentence.";
				INFOPLIST_KEY_NSSpeechRecognitionUsageDescription = "Lucid uses Apple speech recognition only when you choose spoken practice, so it can turn your sentence into text for feedback.";
				INFOPLIST_KEY_UIApplicationSceneManifest_Generation = YES;
				INFOPLIST_KEY_UIApplicationSupportsIndirectInputEvents = YES;
				INFOPLIST_KEY_UILaunchScreen_Generation = YES;
				INFOPLIST_KEY_UISupportedInterfaceOrientations = UIInterfaceOrientationPortrait;
				INFOPLIST_KEY_UISupportedInterfaceOrientations_iPad = "UIInterfaceOrientationPortrait UIInterfaceOrientationPortraitUpsideDown UIInterfaceOrientationLandscapeLeft UIInterfaceOrientationLandscapeRight";
				IPHONEOS_DEPLOYMENT_TARGET = 17.0;
				LD_RUNPATH_SEARCH_PATHS = (
					"$(inherited)",
					"@executable_path/Frameworks",
				);
				MARKETING_VERSION = 1.0;
				PRODUCT_BUNDLE_IDENTIFIER = com.sunilnjc.lucid;
				PRODUCT_NAME = "$(TARGET_NAME)";
				SUPPORTED_PLATFORMS = "iphoneos iphonesimulator";
				SUPPORTS_MACCATALYST = NO;
				SWIFT_EMIT_LOC_STRINGS = YES;
				SWIFT_STRICT_CONCURRENCY = minimal;
				SWIFT_VERSION = 5.0;
				TARGETED_DEVICE_FAMILY = "1,2";
			};
			name = Debug;
		};
		190000000000000000000004 /* Release */ = {
			isa = XCBuildConfiguration;
			baseConfigurationReference = 120000000000000000000020 /* Config.xcconfig */;
			buildSettings = {
				ASSETCATALOG_COMPILER_APPICON_NAME = AppIcon;
				ASSETCATALOG_COMPILER_GLOBAL_ACCENT_COLOR_NAME = AccentColor;
				CODE_SIGN_STYLE = Automatic;
				CURRENT_PROJECT_VERSION = 1;
				DEVELOPMENT_ASSET_PATHS = "";
				DEVELOPMENT_TEAM = GQAVQ4V6RR;
				ENABLE_PREVIEWS = YES;
				GENERATE_INFOPLIST_FILE = YES;
				INFOPLIST_FILE = Lucid/Info.plist;
				INFOPLIST_KEY_CFBundleDisplayName = Lucid;
				INFOPLIST_KEY_LucidSupabaseURL = "$(LUCID_SUPABASE_URL)";
				INFOPLIST_KEY_LucidCloudAuthEnabled = "$(LUCID_CLOUD_AUTH_ENABLED)";
				INFOPLIST_KEY_LucidEmailDeliveryReady = "$(LUCID_EMAIL_DELIVERY_READY)";
				INFOPLIST_KEY_LucidSupabasePublishableKey = "$(LUCID_SUPABASE_PUBLISHABLE_KEY)";
				INFOPLIST_KEY_ITSAppUsesNonExemptEncryption = NO;
				INFOPLIST_KEY_LSApplicationCategoryType = "public.app-category.education";
				INFOPLIST_KEY_NSMicrophoneUsageDescription = "Lucid uses the microphone only when you choose spoken practice, so it can transcribe your professional sentence.";
				INFOPLIST_KEY_NSSpeechRecognitionUsageDescription = "Lucid uses Apple speech recognition only when you choose spoken practice, so it can turn your sentence into text for feedback.";
				INFOPLIST_KEY_UIApplicationSceneManifest_Generation = YES;
				INFOPLIST_KEY_UIApplicationSupportsIndirectInputEvents = YES;
				INFOPLIST_KEY_UILaunchScreen_Generation = YES;
				INFOPLIST_KEY_UISupportedInterfaceOrientations = UIInterfaceOrientationPortrait;
				INFOPLIST_KEY_UISupportedInterfaceOrientations_iPad = "UIInterfaceOrientationPortrait UIInterfaceOrientationPortraitUpsideDown UIInterfaceOrientationLandscapeLeft UIInterfaceOrientationLandscapeRight";
				IPHONEOS_DEPLOYMENT_TARGET = 17.0;
				LD_RUNPATH_SEARCH_PATHS = (
					"$(inherited)",
					"@executable_path/Frameworks",
				);
				MARKETING_VERSION = 1.0;
				PRODUCT_BUNDLE_IDENTIFIER = com.sunilnjc.lucid;
				PRODUCT_NAME = "$(TARGET_NAME)";
				SUPPORTED_PLATFORMS = "iphoneos iphonesimulator";
				SUPPORTS_MACCATALYST = NO;
				SWIFT_EMIT_LOC_STRINGS = YES;
				SWIFT_STRICT_CONCURRENCY = minimal;
				SWIFT_VERSION = 5.0;
				TARGETED_DEVICE_FAMILY = "1,2";
			};
			name = Release;
		};
/* End XCBuildConfiguration section */

/* Begin XCConfigurationList section */
		1A0000000000000000000001 /* Build configuration list for PBXProject "Lucid" */ = {
			isa = XCConfigurationList;
			buildConfigurations = (
				190000000000000000000001 /* Debug */,
				190000000000000000000002 /* Release */,
			);
			defaultConfigurationIsVisible = 0;
			defaultConfigurationName = Release;
		};
		1A0000000000000000000002 /* Build configuration list for PBXNativeTarget "Lucid" */ = {
			isa = XCConfigurationList;
			buildConfigurations = (
				190000000000000000000003 /* Debug */,
				190000000000000000000004 /* Release */,
			);
			defaultConfigurationIsVisible = 0;
			defaultConfigurationName = Release;
		};
/* End XCConfigurationList section */
	};
	rootObject = 160000000000000000000001 /* Project object */;
}
